
Microsoft Visual Studio Solution File, Format Version 12.00
# Visual Studio Version 16
VisualStudioVersion = 16.0.30907.101
MinimumVisualStudioVersion = 10.0.40219.1
Project("{FAE04EC0-301F-11D3-BF4B-00C04F79EFBC}") = "CSharp_testing_framework", "CSharp_testing_framework\CSharp_testing_framework.csproj", "{E7B14771-CC1A-4E45-BE0C-F0C83F3A8329}"
EndProject
Global
	GlobalSection(SolutionConfigurationPlatforms) = preSolution
		Debug|Any CPU = Debug|Any CPU
		Release|Any CPU = Release|Any CPU
	EndGlobalSection
	GlobalSection(ProjectConfigurationPlatforms) = postSolution
		{E7B14771-CC1A-4E45-BE0C-F0C83F3A8329}.Debug|Any CPU.ActiveCfg = Debug|Any CPU
		{E7B14771-CC1A-4E45-BE0C-F0C83F3A8329}.Debug|Any CPU.Build.0 = Debug|Any CPU
		{E7B14771-CC1A-4E45-BE0C-F0C83F3A8329}.Release|Any CPU.ActiveCfg = Release|Any CPU
		{E7B14771-CC1A-4E45-BE0C-F0C83F3A8329}.Release|Any CPU.Build.0 = Release|Any CPU
	EndGlobalSection
	GlobalSection(SolutionProperties) = preSolution
		HideSolutionNode = FALSE
	EndGlobalSection
	GlobalSection(ExtensibilityGlobals) = postSolution
		SolutionGuid = {8FB58B73-3957-44D6-B743-E49CC9B2E9C0}
	EndGlobalSection
EndGlobal
